// !$*UTF8*$!
{
	archiveVersion = 1;
	classes = {
	};
	objectVersion = 46;
	objects = {

/* Begin PBXBuildFile section */
		370281421F4B3C0C005D1A67 /* ApiSessionMock.swift in Sources */ = {isa = PBXBuildFile; fileRef = 370281411F4B3C0C005D1A67 /* ApiSessionMock.swift */; };
		370281441F4B3C51005D1A67 /* UserMock.swift in Sources */ = {isa = PBXBuildFile; fileRef = 370281431F4B3C51005D1A67 /* UserMock.swift */; };
		370281461F4B3C70005D1A67 /* PageInfoMock.swift in Sources */ = {isa = PBXBuildFile; fileRef = 370281451F4B3C70005D1A67 /* PageInfoMock.swift */; };
		370281481F4B3C98005D1A67 /* ResponseMock.swift in Sources */ = {isa = PBXBuildFile; fileRef = 370281471F4B3C98005D1A67 /* ResponseMock.swift */; };
		370281531F4B426E005D1A67 /* RepositoryMock.swift in Sources */ = {isa = PBXBuildFile; fileRef = 370281521F4B426E005D1A67 /* RepositoryMock.swift */; };
		370281611F4B4A4D005D1A67 /* RepositoryFluxFlowTestCase.swift in Sources */ = {isa = PBXBuildFile; fileRef = 3702815F1F4B4A4D005D1A67 /* RepositoryFluxFlowTestCase.swift */; };
		370281621F4B4A4D005D1A67 /* UserFluxFlowTestCase.swift in Sources */ = {isa = PBXBuildFile; fileRef = 370281601F4B4A4D005D1A67 /* UserFluxFlowTestCase.swift */; };
		37471E8E1F4B1F0900E61C54 /* ApiSessionType.swift in Sources */ = {isa = PBXBuildFile; fileRef = 37471E8D1F4B1F0900E61C54 /* ApiSessionType.swift */; };
		3780119D20238CBF00ABE5B0 /* NSObjectProtocol.className.swift in Sources */ = {isa = PBXBuildFile; fileRef = 3780119C20238CBF00ABE5B0 /* NSObjectProtocol.className.swift */; };
		37B8984D1F35069300C10785 /* GithubKit.framework in Frameworks */ = {isa = PBXBuildFile; fileRef = 37B8984C1F35069300C10785 /* GithubKit.framework */; };
		37B8984F1F35091600C10785 /* SwiftIconFont.framework in Frameworks */ = {isa = PBXBuildFile; fileRef = 37B8984E1F35091600C10785 /* SwiftIconFont.framework */; };
		37C8BA811F2FAA32003AFBD7 /* Assets.xcassets in Resources */ = {isa = PBXBuildFile; fileRef = 37C8BA7B1F2FAA32003AFBD7 /* Assets.xcassets */; };
		37C8BA821F2FAA32003AFBD7 /* LaunchScreen.storyboard in Resources */ = {isa = PBXBuildFile; fileRef = 37C8BA7C1F2FAA32003AFBD7 /* LaunchScreen.storyboard */; };
		37C8BA831F2FAA32003AFBD7 /* Main.storyboard in Resources */ = {isa = PBXBuildFile; fileRef = 37C8BA7E1F2FAA32003AFBD7 /* Main.storyboard */; };
		37C8BA881F2FAA72003AFBD7 /* AppDelegate.swift in Sources */ = {isa = PBXBuildFile; fileRef = 37C8BA861F2FAA72003AFBD7 /* AppDelegate.swift */; };
		37C8BA8C1F2FAAEA003AFBD7 /* FavoriteViewController.swift in Sources */ = {isa = PBXBuildFile; fileRef = 37C8BA8B1F2FAAEA003AFBD7 /* FavoriteViewController.swift */; };
		37C8BA8E1F2FAAFD003AFBD7 /* SearchViewController.swift in Sources */ = {isa = PBXBuildFile; fileRef = 37C8BA8D1F2FAAFD003AFBD7 /* SearchViewController.swift */; };
		37C8BA9C1F30F174003AFBD7 /* Dispatcher.Repository.swift in Sources */ = {isa = PBXBuildFile; fileRef = 37C8BA9B1F30F174003AFBD7 /* Dispatcher.Repository.swift */; };
		37C8BAA01F30F1AE003AFBD7 /* Nuke.framework in Frameworks */ = {isa = PBXBuildFile; fileRef = 37C8BA9D1F30F1AE003AFBD7 /* Nuke.framework */; };
		37C8BAA11F30F1AE003AFBD7 /* RxCocoa.framework in Frameworks */ = {isa = PBXBuildFile; fileRef = 37C8BA9E1F30F1AE003AFBD7 /* RxCocoa.framework */; };
		37C8BAA21F30F1AE003AFBD7 /* RxSwift.framework in Frameworks */ = {isa = PBXBuildFile; fileRef = 37C8BA9F1F30F1AE003AFBD7 /* RxSwift.framework */; };
		37C8BAA41F30F558003AFBD7 /* Dispatcher.User.swift in Sources */ = {isa = PBXBuildFile; fileRef = 37C8BAA31F30F558003AFBD7 /* Dispatcher.User.swift */; };
		37C8BAA61F30F5A4003AFBD7 /* UserStore.swift in Sources */ = {isa = PBXBuildFile; fileRef = 37C8BAA51F30F5A4003AFBD7 /* UserStore.swift */; };
		37C8BAA81F30F674003AFBD7 /* UserAction.swift in Sources */ = {isa = PBXBuildFile; fileRef = 37C8BAA71F30F674003AFBD7 /* UserAction.swift */; };
		37C8BAAD1F310235003AFBD7 /* RepositoryAction.swift in Sources */ = {isa = PBXBuildFile; fileRef = 37C8BAAC1F310235003AFBD7 /* RepositoryAction.swift */; };
		37C8BAAF1F31036E003AFBD7 /* RepositoryStore.swift in Sources */ = {isa = PBXBuildFile; fileRef = 37C8BAAE1F31036E003AFBD7 /* RepositoryStore.swift */; };
		37C8BAB41F31FCFF003AFBD7 /* LoadingView.swift in Sources */ = {isa = PBXBuildFile; fileRef = 37C8BAB31F31FCFF003AFBD7 /* LoadingView.swift */; };
		37C8BAB61F31FD10003AFBD7 /* LoadingView.xib in Resources */ = {isa = PBXBuildFile; fileRef = 37C8BAB51F31FD10003AFBD7 /* LoadingView.xib */; };
		5D255F67E5F7130D863F6C5F /* Pods_FluxCapacitorSample.framework in Frameworks */ = {isa = PBXBuildFile; fileRef = 4DEFEA26DF21FBD51C879FAA /* Pods_FluxCapacitorSample.framework */; };
		9DDE2F1C1F316D6D005CC4E2 /* SafariServices.framework in Frameworks */ = {isa = PBXBuildFile; fileRef = 9DDE2F1B1F316D6D005CC4E2 /* SafariServices.framework */; };
		9DDE2F1F1F316DAF005CC4E2 /* UserRepositoryViewController.swift in Sources */ = {isa = PBXBuildFile; fileRef = 9DDE2F1E1F316DAF005CC4E2 /* UserRepositoryViewController.swift */; };
		9DDE2F211F316DCC005CC4E2 /* UserRepositoryViewController.xib in Resources */ = {isa = PBXBuildFile; fileRef = 9DDE2F201F316DCC005CC4E2 /* UserRepositoryViewController.xib */; };
		9DDE2F231F31719A005CC4E2 /* SearchViewDataSource.swift in Sources */ = {isa = PBXBuildFile; fileRef = 9DDE2F221F31719A005CC4E2 /* SearchViewDataSource.swift */; };
		9DDE2F251F3184B2005CC4E2 /* UserRepositoryViewDataSource.swift in Sources */ = {isa = PBXBuildFile; fileRef = 9DDE2F241F3184B2005CC4E2 /* UserRepositoryViewDataSource.swift */; };
		9DDE2F271F319CBE005CC4E2 /* FavoriteViewDataSource.swift in Sources */ = {isa = PBXBuildFile; fileRef = 9DDE2F261F319CBE005CC4E2 /* FavoriteViewDataSource.swift */; };
		9DEE5D271F31E3FF00225822 /* NoticeObserveKit.framework in Frameworks */ = {isa = PBXBuildFile; fileRef = 9DEE5D261F31E3FF00225822 /* NoticeObserveKit.framework */; };
		9DEE5D2A1F31E48600225822 /* UIKeyboardWillHide.swift in Sources */ = {isa = PBXBuildFile; fileRef = 9DEE5D291F31E48600225822 /* UIKeyboardWillHide.swift */; };
		9DEE5D2C1F31E49800225822 /* UIKeyboardInfo.swift in Sources */ = {isa = PBXBuildFile; fileRef = 9DEE5D2B1F31E49800225822 /* UIKeyboardInfo.swift */; };
		9DEE5D2E1F31E4B000225822 /* UIKeyboardWillShow.swift in Sources */ = {isa = PBXBuildFile; fileRef = 9DEE5D2D1F31E4B000225822 /* UIKeyboardWillShow.swift */; };
		ABEE5B411F07B9921984ACA5 /* Pods_FluxCapacitorSampleTests.framework in Frameworks */ = {isa = PBXBuildFile; fileRef = 0794029343B2E8E145675067 /* Pods_FluxCapacitorSampleTests.framework */; };
		EDB9D4A61F3192FC00FC6B61 /* RepositoryViewController.swift in Sources */ = {isa = PBXBuildFile; fileRef = EDB9D4A51F3192FC00FC6B61 /* RepositoryViewController.swift */; };
/* End PBXBuildFile section */

/* Begin PBXContainerItemProxy section */
		37471E981F4B1FF200E61C54 /* PBXContainerItemProxy */ = {
			isa = PBXContainerItemProxy;
			containerPortal = 37C8BA461F2C9DB8003AFBD7 /* Project object */;
			proxyType = 1;
			remoteGlobalIDString = 37C8BA4D1F2C9DB8003AFBD7;
			remoteInfo = FluxCapacitorSample;
		};
/* End PBXContainerItemProxy section */

/* Begin PBXFileReference section */
		0794029343B2E8E145675067 /* Pods_FluxCapacitorSampleTests.framework */ = {isa = PBXFileReference; explicitFileType = wrapper.framework; includeInIndex = 0; path = Pods_FluxCapacitorSampleTests.framework; sourceTree = BUILT_PRODUCTS_DIR; };
		3701023E1F4B2722004EFCC7 /* Pods_FluxCapacitorSample.framework */ = {isa = PBXFileReference; lastKnownFileType = wrapper.framework; name = Pods_FluxCapacitorSample.framework; path = "Pods/../build/Debug-iphoneos/Pods_FluxCapacitorSample.framework"; sourceTree = "<group>"; };
		370281411F4B3C0C005D1A67 /* ApiSessionMock.swift */ = {isa = PBXFileReference; fileEncoding = 4; lastKnownFileType = sourcecode.swift; path = ApiSessionMock.swift; sourceTree = "<group>"; };
		370281431F4B3C51005D1A67 /* UserMock.swift */ = {isa = PBXFileReference; fileEncoding = 4; lastKnownFileType = sourcecode.swift; path = UserMock.swift; sourceTree = "<group>"; };
		370281451F4B3C70005D1A67 /* PageInfoMock.swift */ = {isa = PBXFileReference; fileEncoding = 4; lastKnownFileType = sourcecode.swift; path = PageInfoMock.swift; sourceTree = "<group>"; };
		370281471F4B3C98005D1A67 /* ResponseMock.swift */ = {isa = PBXFileReference; fileEncoding = 4; lastKnownFileType = sourcecode.swift; path = ResponseMock.swift; sourceTree = "<group>"; };
		370281521F4B426E005D1A67 /* RepositoryMock.swift */ = {isa = PBXFileReference; fileEncoding = 4; lastKnownFileType = sourcecode.swift; path = RepositoryMock.swift; sourceTree = "<group>"; };
		3702815F1F4B4A4D005D1A67 /* RepositoryFluxFlowTestCase.swift */ = {isa = PBXFileReference; fileEncoding = 4; lastKnownFileType = sourcecode.swift; path = RepositoryFluxFlowTestCase.swift; sourceTree = "<group>"; };
		370281601F4B4A4D005D1A67 /* UserFluxFlowTestCase.swift */ = {isa = PBXFileReference; fileEncoding = 4; lastKnownFileType = sourcecode.swift; path = UserFluxFlowTestCase.swift; sourceTree = "<group>"; };
		37471E8D1F4B1F0900E61C54 /* ApiSessionType.swift */ = {isa = PBXFileReference; fileEncoding = 4; lastKnownFileType = sourcecode.swift; path = ApiSessionType.swift; sourceTree = "<group>"; };
		37471E931F4B1FF200E61C54 /* FluxCapacitorSampleTests.xctest */ = {isa = PBXFileReference; explicitFileType = wrapper.cfbundle; includeInIndex = 0; path = FluxCapacitorSampleTests.xctest; sourceTree = BUILT_PRODUCTS_DIR; };
		37471E971F4B1FF200E61C54 /* Info.plist */ = {isa = PBXFileReference; lastKnownFileType = text.plist.xml; path = Info.plist; sourceTree = "<group>"; };
		3780119C20238CBF00ABE5B0 /* NSObjectProtocol.className.swift */ = {isa = PBXFileReference; lastKnownFileType = sourcecode.swift; path = NSObjectProtocol.className.swift; sourceTree = "<group>"; };
		378090B51F4B2682007E6C34 /* FluxCapacitor.framework */ = {isa = PBXFileReference; lastKnownFileType = wrapper.framework; name = FluxCapacitor.framework; path = "../../../../../Library/Developer/Xcode/DerivedData/FluxCapacitorSample-bzrssawgmwfrovemuhlkpeavvsrw/Build/Products/Debug-iphonesimulator/FluxCapacitor/FluxCapacitor.framework"; sourceTree = "<group>"; };
		37B8984C1F35069300C10785 /* GithubKit.framework */ = {isa = PBXFileReference; lastKnownFileType = wrapper.framework; name = GithubKit.framework; path = Carthage/Build/iOS/GithubKit.framework; sourceTree = "<group>"; };
		37B8984E1F35091600C10785 /* SwiftIconFont.framework */ = {isa = PBXFileReference; lastKnownFileType = wrapper.framework; name = SwiftIconFont.framework; path = Carthage/Build/iOS/SwiftIconFont.framework; sourceTree = "<group>"; };
		37C8BA4E1F2C9DB8003AFBD7 /* FluxCapacitorSample.app */ = {isa = PBXFileReference; explicitFileType = wrapper.application; includeInIndex = 0; path = FluxCapacitorSample.app; sourceTree = BUILT_PRODUCTS_DIR; };
		37C8BA7B1F2FAA32003AFBD7 /* Assets.xcassets */ = {isa = PBXFileReference; lastKnownFileType = folder.assetcatalog; path = Assets.xcassets; sourceTree = "<group>"; };
		37C8BA7D1F2FAA32003AFBD7 /* Base */ = {isa = PBXFileReference; lastKnownFileType = file.storyboard; name = Base; path = Base.lproj/LaunchScreen.storyboard; sourceTree = "<group>"; };
		37C8BA7F1F2FAA32003AFBD7 /* Base */ = {isa = PBXFileReference; lastKnownFileType = file.storyboard; name = Base; path = Base.lproj/Main.storyboard; sourceTree = "<group>"; };
		37C8BA801F2FAA32003AFBD7 /* Info.plist */ = {isa = PBXFileReference; fileEncoding = 4; lastKnownFileType = text.plist.xml; path = Info.plist; sourceTree = "<group>"; };
		37C8BA861F2FAA72003AFBD7 /* AppDelegate.swift */ = {isa = PBXFileReference; fileEncoding = 4; lastKnownFileType = sourcecode.swift; path = AppDelegate.swift; sourceTree = "<group>"; };
		37C8BA8B1F2FAAEA003AFBD7 /* FavoriteViewController.swift */ = {isa = PBXFileReference; fileEncoding = 4; lastKnownFileType = sourcecode.swift; path = FavoriteViewController.swift; sourceTree = "<group>"; };
		37C8BA8D1F2FAAFD003AFBD7 /* SearchViewController.swift */ = {isa = PBXFileReference; fileEncoding = 4; lastKnownFileType = sourcecode.swift; path = SearchViewController.swift; sourceTree = "<group>"; };
		37C8BA951F30D8E7003AFBD7 /* GithubApiSession.framework */ = {isa = PBXFileReference; lastKnownFileType = wrapper.framework; name = GithubApiSession.framework; path = Carthage/Build/iOS/GithubApiSession.framework; sourceTree = "<group>"; };
		37C8BA9B1F30F174003AFBD7 /* Dispatcher.Repository.swift */ = {isa = PBXFileReference; fileEncoding = 4; lastKnownFileType = sourcecode.swift; path = Dispatcher.Repository.swift; sourceTree = "<group>"; };
		37C8BA9D1F30F1AE003AFBD7 /* Nuke.framework */ = {isa = PBXFileReference; lastKnownFileType = wrapper.framework; name = Nuke.framework; path = Carthage/Build/iOS/Nuke.framework; sourceTree = "<group>"; };
		37C8BA9E1F30F1AE003AFBD7 /* RxCocoa.framework */ = {isa = PBXFileReference; lastKnownFileType = wrapper.framework; name = RxCocoa.framework; path = Carthage/Build/iOS/RxCocoa.framework; sourceTree = "<group>"; };
		37C8BA9F1F30F1AE003AFBD7 /* RxSwift.framework */ = {isa = PBXFileReference; lastKnownFileType = wrapper.framework; name = RxSwift.framework; path = Carthage/Build/iOS/RxSwift.framework; sourceTree = "<group>"; };
		37C8BAA31F30F558003AFBD7 /* Dispatcher.User.swift */ = {isa = PBXFileReference; fileEncoding = 4; lastKnownFileType = sourcecode.swift; path = Dispatcher.User.swift; sourceTree = "<group>"; };
		37C8BAA51F30F5A4003AFBD7 /* UserStore.swift */ = {isa = PBXFileReference; fileEncoding = 4; lastKnownFileType = sourcecode.swift; path = UserStore.swift; sourceTree = "<group>"; };
		37C8BAA71F30F674003AFBD7 /* UserAction.swift */ = {isa = PBXFileReference; fileEncoding = 4; lastKnownFileType = sourcecode.swift; path = UserAction.swift; sourceTree = "<group>"; };
		37C8BAAC1F310235003AFBD7 /* RepositoryAction.swift */ = {isa = PBXFileReference; fileEncoding = 4; lastKnownFileType = sourcecode.swift; path = RepositoryAction.swift; sourceTree = "<group>"; };
		37C8BAAE1F31036E003AFBD7 /* RepositoryStore.swift */ = {isa = PBXFileReference; fileEncoding = 4; lastKnownFileType = sourcecode.swift; path = RepositoryStore.swift; sourceTree = "<group>"; };
		37C8BAB31F31FCFF003AFBD7 /* LoadingView.swift */ = {isa = PBXFileReference; fileEncoding = 4; lastKnownFileType = sourcecode.swift; path = LoadingView.swift; sourceTree = "<group>"; };
		37C8BAB51F31FD10003AFBD7 /* LoadingView.xib */ = {isa = PBXFileReference; fileEncoding = 4; lastKnownFileType = file.xib; path = LoadingView.xib; sourceTree = "<group>"; };
		4DEFEA26DF21FBD51C879FAA /* Pods_FluxCapacitorSample.framework */ = {isa = PBXFileReference; explicitFileType = wrapper.framework; includeInIndex = 0; path = Pods_FluxCapacitorSample.framework; sourceTree = BUILT_PRODUCTS_DIR; };
		8BA935772B827618E28B121C /* Pods-FluxCapacitorSample.release.xcconfig */ = {isa = PBXFileReference; includeInIndex = 1; lastKnownFileType = text.xcconfig; name = "Pods-FluxCapacitorSample.release.xcconfig"; path = "Pods/Target Support Files/Pods-FluxCapacitorSample/Pods-FluxCapacitorSample.release.xcconfig"; sourceTree = "<group>"; };
		9DDE2F1B1F316D6D005CC4E2 /* SafariServices.framework */ = {isa = PBXFileReference; lastKnownFileType = wrapper.framework; name = SafariServices.framework; path = System/Library/Frameworks/SafariServices.framework; sourceTree = SDKROOT; };
		9DDE2F1E1F316DAF005CC4E2 /* UserRepositoryViewController.swift */ = {isa = PBXFileReference; fileEncoding = 4; lastKnownFileType = sourcecode.swift; path = UserRepositoryViewController.swift; sourceTree = "<group>"; };
		9DDE2F201F316DCC005CC4E2 /* UserRepositoryViewController.xib */ = {isa = PBXFileReference; fileEncoding = 4; lastKnownFileType = file.xib; path = UserRepositoryViewController.xib; sourceTree = "<group>"; };
		9DDE2F221F31719A005CC4E2 /* SearchViewDataSource.swift */ = {isa = PBXFileReference; fileEncoding = 4; lastKnownFileType = sourcecode.swift; path = SearchViewDataSource.swift; sourceTree = "<group>"; };
		9DDE2F241F3184B2005CC4E2 /* UserRepositoryViewDataSource.swift */ = {isa = PBXFileReference; fileEncoding = 4; lastKnownFileType = sourcecode.swift; path = UserRepositoryViewDataSource.swift; sourceTree = "<group>"; };
		9DDE2F261F319CBE005CC4E2 /* FavoriteViewDataSource.swift */ = {isa = PBXFileReference; fileEncoding = 4; lastKnownFileType = sourcecode.swift; path = FavoriteViewDataSource.swift; sourceTree = "<group>"; };
		9DEE5D261F31E3FF00225822 /* NoticeObserveKit.framework */ = {isa = PBXFileReference; lastKnownFileType = wrapper.framework; name = NoticeObserveKit.framework; path = Carthage/Build/iOS/NoticeObserveKit.framework; sourceTree = "<group>"; };
		9DEE5D291F31E48600225822 /* UIKeyboardWillHide.swift */ = {isa = PBXFileReference; fileEncoding = 4; lastKnownFileType = sourcecode.swift; path = UIKeyboardWillHide.swift; sourceTree = "<group>"; };
		9DEE5D2B1F31E49800225822 /* UIKeyboardInfo.swift */ = {isa = PBXFileReference; fileEncoding = 4; lastKnownFileType = sourcecode.swift; path = UIKeyboardInfo.swift; sourceTree = "<group>"; };
		9DEE5D2D1F31E4B000225822 /* UIKeyboardWillShow.swift */ = {isa = PBXFileReference; fileEncoding = 4; lastKnownFileType = sourcecode.swift; path = UIKeyboardWillShow.swift; sourceTree = "<group>"; };
		DDA06526A3117F64BAF521E5 /* Pods-FluxCapacitorSampleTests.debug.xcconfig */ = {isa = PBXFileReference; includeInIndex = 1; lastKnownFileType = text.xcconfig; name = "Pods-FluxCapacitorSampleTests.debug.xcconfig"; path = "Pods/Target Support Files/Pods-FluxCapacitorSampleTests/Pods-FluxCapacitorSampleTests.debug.xcconfig"; sourceTree = "<group>"; };
		E177E8BAA0CE1E46CA2CA189 /* Pods-FluxCapacitorSample.debug.xcconfig */ = {isa = PBXFileReference; includeInIndex = 1; lastKnownFileType = text.xcconfig; name = "Pods-FluxCapacitorSample.debug.xcconfig"; path = "Pods/Target Support Files/Pods-FluxCapacitorSample/Pods-FluxCapacitorSample.debug.xcconfig"; sourceTree = "<group>"; };
		E77E6C38AE9B847E8C901B6A /* Pods-FluxCapacitorSampleTests.release.xcconfig */ = {isa = PBXFileReference; includeInIndex = 1; lastKnownFileType = text.xcconfig; name = "Pods-FluxCapacitorSampleTests.release.xcconfig"; path = "Pods/Target Support Files/Pods-FluxCapacitorSampleTests/Pods-FluxCapacitorSampleTests.release.xcconfig"; sourceTree = "<group>"; };
		EDB9D4A51F3192FC00FC6B61 /* RepositoryViewController.swift */ = {isa = PBXFileReference; fileEncoding = 4; lastKnownFileType = sourcecode.swift; path = RepositoryViewController.swift; sourceTree = "<group>"; };
/* End PBXFileReference section */

/* Begin PBXFrameworksBuildPhase section */
		37471E901F4B1FF200E61C54 /* Frameworks */ = {
			isa = PBXFrameworksBuildPhase;
			buildActionMask = 2147483647;
			files = (
				ABEE5B411F07B9921984ACA5 /* Pods_FluxCapacitorSampleTests.framework in Frameworks */,
			);
			runOnlyForDeploymentPostprocessing = 0;
		};
		37C8BA4B1F2C9DB8003AFBD7 /* Frameworks */ = {
			isa = PBXFrameworksBuildPhase;
			buildActionMask = 2147483647;
			files = (
				37B8984F1F35091600C10785 /* SwiftIconFont.framework in Frameworks */,
				37B8984D1F35069300C10785 /* GithubKit.framework in Frameworks */,
				9DEE5D271F31E3FF00225822 /* NoticeObserveKit.framework in Frameworks */,
				9DDE2F1C1F316D6D005CC4E2 /* SafariServices.framework in Frameworks */,
				37C8BAA01F30F1AE003AFBD7 /* Nuke.framework in Frameworks */,
				37C8BAA11F30F1AE003AFBD7 /* RxCocoa.framework in Frameworks */,
				37C8BAA21F30F1AE003AFBD7 /* RxSwift.framework in Frameworks */,
				5D255F67E5F7130D863F6C5F /* Pods_FluxCapacitorSample.framework in Frameworks */,
			);
			runOnlyForDeploymentPostprocessing = 0;
		};
/* End PBXFrameworksBuildPhase section */

/* Begin PBXGroup section */
		370281401F4B3C00005D1A67 /* Mock */ = {
			isa = PBXGroup;
			children = (
				370281411F4B3C0C005D1A67 /* ApiSessionMock.swift */,
				370281431F4B3C51005D1A67 /* UserMock.swift */,
				370281451F4B3C70005D1A67 /* PageInfoMock.swift */,
				370281471F4B3C98005D1A67 /* ResponseMock.swift */,
				370281521F4B426E005D1A67 /* RepositoryMock.swift */,
			);
			path = Mock;
			sourceTree = "<group>";
		};
		3702815E1F4B4A4D005D1A67 /* TestCase */ = {
			isa = PBXGroup;
			children = (
				3702815F1F4B4A4D005D1A67 /* RepositoryFluxFlowTestCase.swift */,
				370281601F4B4A4D005D1A67 /* UserFluxFlowTestCase.swift */,
			);
			path = TestCase;
			sourceTree = "<group>";
		};
		37471E8C1F4B1F0900E61C54 /* Protocol */ = {
			isa = PBXGroup;
			children = (
				37471E8D1F4B1F0900E61C54 /* ApiSessionType.swift */,
				3780119C20238CBF00ABE5B0 /* NSObjectProtocol.className.swift */,
			);
			path = Protocol;
			sourceTree = "<group>";
		};
		37471E941F4B1FF200E61C54 /* FluxCapacitorSampleTests */ = {
			isa = PBXGroup;
			children = (
				3702815E1F4B4A4D005D1A67 /* TestCase */,
				370281401F4B3C00005D1A67 /* Mock */,
				37471E971F4B1FF200E61C54 /* Info.plist */,
			);
			path = FluxCapacitorSampleTests;
			sourceTree = "<group>";
		};
		37C8BA451F2C9DB8003AFBD7 = {
			isa = PBXGroup;
			children = (
				37C8BA501F2C9DB8003AFBD7 /* FluxCapacitorSample */,
				37471E941F4B1FF200E61C54 /* FluxCapacitorSampleTests */,
				37C8BA4F1F2C9DB8003AFBD7 /* Products */,
				C4E070B8352E3432CA1635D7 /* Pods */,
				D8A968412CB16AE3704A2777 /* Frameworks */,
			);
			sourceTree = "<group>";
		};
		37C8BA4F1F2C9DB8003AFBD7 /* Products */ = {
			isa = PBXGroup;
			children = (
				37C8BA4E1F2C9DB8003AFBD7 /* FluxCapacitorSample.app */,
				37471E931F4B1FF200E61C54 /* FluxCapacitorSampleTests.xctest */,
			);
			name = Products;
			sourceTree = "<group>";
		};
		37C8BA501F2C9DB8003AFBD7 /* FluxCapacitorSample */ = {
			isa = PBXGroup;
			children = (
				37C8BA7A1F2FAA32003AFBD7 /* Resources */,
				37C8BA771F2FAA0E003AFBD7 /* Sources */,
			);
			path = FluxCapacitorSample;
			sourceTree = "<group>";
		};
		37C8BA771F2FAA0E003AFBD7 /* Sources */ = {
			isa = PBXGroup;
			children = (
				37C8BA851F2FAA72003AFBD7 /* Common */,
				37C8BA871F2FAA72003AFBD7 /* UI */,
			);
			path = Sources;
			sourceTree = "<group>";
		};
		37C8BA7A1F2FAA32003AFBD7 /* Resources */ = {
			isa = PBXGroup;
			children = (
				37C8BA7B1F2FAA32003AFBD7 /* Assets.xcassets */,
				37C8BA7C1F2FAA32003AFBD7 /* LaunchScreen.storyboard */,
				37C8BA801F2FAA32003AFBD7 /* Info.plist */,
			);
			path = Resources;
			sourceTree = "<group>";
		};
		37C8BA851F2FAA72003AFBD7 /* Common */ = {
			isa = PBXGroup;
			children = (
				37C8BA861F2FAA72003AFBD7 /* AppDelegate.swift */,
				37471E8C1F4B1F0900E61C54 /* Protocol */,
				9DEE5D281F31E47900225822 /* NoticeObserver */,
				37C8BA981F30E69C003AFBD7 /* Flux */,
			);
			path = Common;
			sourceTree = "<group>";
		};
		37C8BA871F2FAA72003AFBD7 /* UI */ = {
			isa = PBXGroup;
			children = (
				37C8BA7E1F2FAA32003AFBD7 /* Main.storyboard */,
				37C8BAB01F31FBFB003AFBD7 /* Common */,
				EDB9D4A41F3192FC00FC6B61 /* Repository */,
				37C8BA8A1F2FAAD8003AFBD7 /* Search */,
				37C8BA891F2FAAD8003AFBD7 /* Favorite */,
				9DDE2F1D1F316D91005CC4E2 /* UserRepository */,
			);
			path = UI;
			sourceTree = "<group>";
		};
		37C8BA891F2FAAD8003AFBD7 /* Favorite */ = {
			isa = PBXGroup;
			children = (
				37C8BA8B1F2FAAEA003AFBD7 /* FavoriteViewController.swift */,
				9DDE2F261F319CBE005CC4E2 /* FavoriteViewDataSource.swift */,
			);
			path = Favorite;
			sourceTree = "<group>";
		};
		37C8BA8A1F2FAAD8003AFBD7 /* Search */ = {
			isa = PBXGroup;
			children = (
				37C8BA8D1F2FAAFD003AFBD7 /* SearchViewController.swift */,
				9DDE2F221F31719A005CC4E2 /* SearchViewDataSource.swift */,
			);
			path = Search;
			sourceTree = "<group>";
		};
		37C8BA981F30E69C003AFBD7 /* Flux */ = {
			isa = PBXGroup;
			children = (
				37C8BA991F30E6CF003AFBD7 /* Repository */,
				37C8BA9A1F30E6CF003AFBD7 /* User */,
			);
			path = Flux;
			sourceTree = "<group>";
		};
		37C8BA991F30E6CF003AFBD7 /* Repository */ = {
			isa = PBXGroup;
			children = (
				37C8BA9B1F30F174003AFBD7 /* Dispatcher.Repository.swift */,
				37C8BAAE1F31036E003AFBD7 /* RepositoryStore.swift */,
				37C8BAAC1F310235003AFBD7 /* RepositoryAction.swift */,
			);
			path = Repository;
			sourceTree = "<group>";
		};
		37C8BA9A1F30E6CF003AFBD7 /* User */ = {
			isa = PBXGroup;
			children = (
				37C8BAA31F30F558003AFBD7 /* Dispatcher.User.swift */,
				37C8BAA51F30F5A4003AFBD7 /* UserStore.swift */,
				37C8BAA71F30F674003AFBD7 /* UserAction.swift */,
			);
			path = User;
			sourceTree = "<group>";
		};
		37C8BAB01F31FBFB003AFBD7 /* Common */ = {
			isa = PBXGroup;
			children = (
				37C8BAB31F31FCFF003AFBD7 /* LoadingView.swift */,
				37C8BAB51F31FD10003AFBD7 /* LoadingView.xib */,
			);
			path = Common;
			sourceTree = "<group>";
		};
		9DDE2F1D1F316D91005CC4E2 /* UserRepository */ = {
			isa = PBXGroup;
			children = (
				9DDE2F1E1F316DAF005CC4E2 /* UserRepositoryViewController.swift */,
				9DDE2F201F316DCC005CC4E2 /* UserRepositoryViewController.xib */,
				9DDE2F241F3184B2005CC4E2 /* UserRepositoryViewDataSource.swift */,
			);
			path = UserRepository;
			sourceTree = "<group>";
		};
		9DEE5D281F31E47900225822 /* NoticeObserver */ = {
			isa = PBXGroup;
			children = (
				9DEE5D2B1F31E49800225822 /* UIKeyboardInfo.swift */,
				9DEE5D291F31E48600225822 /* UIKeyboardWillHide.swift */,
				9DEE5D2D1F31E4B000225822 /* UIKeyboardWillShow.swift */,
			);
			path = NoticeObserver;
			sourceTree = "<group>";
		};
		C4E070B8352E3432CA1635D7 /* Pods */ = {
			isa = PBXGroup;
			children = (
				E177E8BAA0CE1E46CA2CA189 /* Pods-FluxCapacitorSample.debug.xcconfig */,
				8BA935772B827618E28B121C /* Pods-FluxCapacitorSample.release.xcconfig */,
				DDA06526A3117F64BAF521E5 /* Pods-FluxCapacitorSampleTests.debug.xcconfig */,
				E77E6C38AE9B847E8C901B6A /* Pods-FluxCapacitorSampleTests.release.xcconfig */,
			);
			name = Pods;
			sourceTree = "<group>";
		};
		D8A968412CB16AE3704A2777 /* Frameworks */ = {
			isa = PBXGroup;
			children = (
				3701023E1F4B2722004EFCC7 /* Pods_FluxCapacitorSample.framework */,
				378090B51F4B2682007E6C34 /* FluxCapacitor.framework */,
				37B8984E1F35091600C10785 /* SwiftIconFont.framework */,
				37B8984C1F35069300C10785 /* GithubKit.framework */,
				9DEE5D261F31E3FF00225822 /* NoticeObserveKit.framework */,
				9DDE2F1B1F316D6D005CC4E2 /* SafariServices.framework */,
				37C8BA9D1F30F1AE003AFBD7 /* Nuke.framework */,
				37C8BA9E1F30F1AE003AFBD7 /* RxCocoa.framework */,
				37C8BA9F1F30F1AE003AFBD7 /* RxSwift.framework */,
				37C8BA951F30D8E7003AFBD7 /* GithubApiSession.framework */,
				4DEFEA26DF21FBD51C879FAA /* Pods_FluxCapacitorSample.framework */,
				0794029343B2E8E145675067 /* Pods_FluxCapacitorSampleTests.framework */,
			);
			name = Frameworks;
			sourceTree = "<group>";
		};
		EDB9D4A41F3192FC00FC6B61 /* Repository */ = {
			isa = PBXGroup;
			children = (
				EDB9D4A51F3192FC00FC6B61 /* RepositoryViewController.swift */,
			);
			path = Repository;
			sourceTree = "<group>";
		};
/* End PBXGroup section */

/* Begin PBXNativeTarget section */
		37471E921F4B1FF200E61C54 /* FluxCapacitorSampleTests */ = {
			isa = PBXNativeTarget;
			buildConfigurationList = 37471E9A1F4B1FF200E61C54 /* Build configuration list for PBXNativeTarget "FluxCapacitorSampleTests" */;
			buildPhases = (
				7FFBDBDDA5131EB0F9926DA6 /* [CP] Check Pods Manifest.lock */,
				37471E8F1F4B1FF200E61C54 /* Sources */,
				37471E901F4B1FF200E61C54 /* Frameworks */,
				37471E911F4B1FF200E61C54 /* Resources */,
				C94488960593E4CA78D350B5 /* [CP] Embed Pods Frameworks */,
				9388A05673CCEF3EE9FBA581 /* [CP] Copy Pods Resources */,
			);
			buildRules = (
			);
			dependencies = (
				37471E991F4B1FF200E61C54 /* PBXTargetDependency */,
			);
			name = FluxCapacitorSampleTests;
			productName = FluxCapacitorSampleTests;
			productReference = 37471E931F4B1FF200E61C54 /* FluxCapacitorSampleTests.xctest */;
			productType = "com.apple.product-type.bundle.unit-test";
		};
		37C8BA4D1F2C9DB8003AFBD7 /* FluxCapacitorSample */ = {
			isa = PBXNativeTarget;
			buildConfigurationList = 37C8BA601F2C9DB8003AFBD7 /* Build configuration list for PBXNativeTarget "FluxCapacitorSample" */;
			buildPhases = (
				26B65551277D777264CEBB21 /* [CP] Check Pods Manifest.lock */,
				37C8BA4A1F2C9DB8003AFBD7 /* Sources */,
				37C8BA4B1F2C9DB8003AFBD7 /* Frameworks */,
				37C8BA4C1F2C9DB8003AFBD7 /* Resources */,
				A8BA41E54C19CAA7CEF41259 /* [CP] Embed Pods Frameworks */,
				A52807F1234D213AE5BAC2B3 /* [CP] Copy Pods Resources */,
				37C8BA971F30DDE4003AFBD7 /* ShellScript */,
			);
			buildRules = (
			);
			dependencies = (
			);
			name = FluxCapacitorSample;
			productName = FluxCapacitorSample;
			productReference = 37C8BA4E1F2C9DB8003AFBD7 /* FluxCapacitorSample.app */;
			productType = "com.apple.product-type.application";
		};
/* End PBXNativeTarget section */

/* Begin PBXProject section */
		37C8BA461F2C9DB8003AFBD7 /* Project object */ = {
			isa = PBXProject;
			attributes = {
				LastSwiftUpdateCheck = 0830;
				LastUpgradeCheck = 0900;
				ORGANIZATIONNAME = "marty-suzuki";
				TargetAttributes = {
					37471E921F4B1FF200E61C54 = {
						CreatedOnToolsVersion = 8.3.3;
						LastSwiftMigration = 0900;
						ProvisioningStyle = Manual;
						TestTargetID = 37C8BA4D1F2C9DB8003AFBD7;
					};
					37C8BA4D1F2C9DB8003AFBD7 = {
						CreatedOnToolsVersion = 8.3.3;
						LastSwiftMigration = 0900;
						ProvisioningStyle = Manual;
					};
				};
			};
			buildConfigurationList = 37C8BA491F2C9DB8003AFBD7 /* Build configuration list for PBXProject "FluxCapacitorSample" */;
			compatibilityVersion = "Xcode 3.2";
			developmentRegion = English;
			hasScannedForEncodings = 0;
			knownRegions = (
				en,
				Base,
			);
			mainGroup = 37C8BA451F2C9DB8003AFBD7;
			productRefGroup = 37C8BA4F1F2C9DB8003AFBD7 /* Products */;
			projectDirPath = "";
			projectRoot = "";
			targets = (
				37C8BA4D1F2C9DB8003AFBD7 /* FluxCapacitorSample */,
				37471E921F4B1FF200E61C54 /* FluxCapacitorSampleTests */,
			);
		};
/* End PBXProject section */

/* Begin PBXResourcesBuildPhase section */
		37471E911F4B1FF200E61C54 /* Resources */ = {
			isa = PBXResourcesBuildPhase;
			buildActionMask = 2147483647;
			files = (
			);
			runOnlyForDeploymentPostprocessing = 0;
		};
		37C8BA4C1F2C9DB8003AFBD7 /* Resources */ = {
			isa = PBXResourcesBuildPhase;
			buildActionMask = 2147483647;
			files = (
				37C8BA811F2FAA32003AFBD7 /* Assets.xcassets in Resources */,
				37C8BA831F2FAA32003AFBD7 /* Main.storyboard in Resources */,
				9DDE2F211F316DCC005CC4E2 /* UserRepositoryViewController.xib in Resources */,
				37C8BA821F2FAA32003AFBD7 /* LaunchScreen.storyboard in Resources */,
				37C8BAB61F31FD10003AFBD7 /* LoadingView.xib in Resources */,
			);
			runOnlyForDeploymentPostprocessing = 0;
		};
/* End PBXResourcesBuildPhase section */

/* Begin PBXShellScriptBuildPhase section */
		26B65551277D777264CEBB21 /* [CP] Check Pods Manifest.lock */ = {
			isa = PBXShellScriptBuildPhase;
			buildActionMask = 2147483647;
			files = (
			);
			inputPaths = (
				"${PODS_PODFILE_DIR_PATH}/Podfile.lock",
				"${PODS_ROOT}/Manifest.lock",
			);
			name = "[CP] Check Pods Manifest.lock";
			outputPaths = (
				"$(DERIVED_FILE_DIR)/Pods-FluxCapacitorSample-checkManifestLockResult.txt",
			);
			runOnlyForDeploymentPostprocessing = 0;
			shellPath = /bin/sh;
			shellScript = "diff \"${PODS_PODFILE_DIR_PATH}/Podfile.lock\" \"${PODS_ROOT}/Manifest.lock\" > /dev/null\nif [ $? != 0 ] ; then\n    # print error to STDERR\n    echo \"error: The sandbox is not in sync with the Podfile.lock. Run 'pod install' or update your CocoaPods installation.\" >&2\n    exit 1\nfi\n# This output is used by Xcode 'outputs' to avoid re-running this script phase.\necho \"SUCCESS\" > \"${SCRIPT_OUTPUT_FILE_0}\"\n";
			showEnvVarsInLog = 0;
		};
		37C8BA971F30DDE4003AFBD7 /* ShellScript */ = {
			isa = PBXShellScriptBuildPhase;
			buildActionMask = 2147483647;
			files = (
			);
			inputPaths = (
				"$(SRCROOT)/Carthage/Build/iOS/GithubKit.framework",
				"$(SRCROOT)/Carthage/Build/iOS/Nuke.framework",
				"$(SRCROOT)/Carthage/Build/iOS/RxSwift.framework",
				"$(SRCROOT)/Carthage/Build/iOS/RxCocoa.framework",
				"$(SRCROOT)/Carthage/Build/iOS/NoticeObserveKit.framework",
				"$(SRCROOT)/Carthage/Build/iOS/SwiftIconFont.framework",
			);
			outputPaths = (
			);
			runOnlyForDeploymentPostprocessing = 0;
			shellPath = /bin/sh;
			shellScript = "/usr/local/bin/carthage copy-frameworks";
		};
		7FFBDBDDA5131EB0F9926DA6 /* [CP] Check Pods Manifest.lock */ = {
			isa = PBXShellScriptBuildPhase;
			buildActionMask = 2147483647;
			files = (
			);
			inputPaths = (
				"${PODS_PODFILE_DIR_PATH}/Podfile.lock",
				"${PODS_ROOT}/Manifest.lock",
			);
			name = "[CP] Check Pods Manifest.lock";
			outputPaths = (
				"$(DERIVED_FILE_DIR)/Pods-FluxCapacitorSampleTests-checkManifestLockResult.txt",
			);
			runOnlyForDeploymentPostprocessing = 0;
			shellPath = /bin/sh;
			shellScript = "diff \"${PODS_PODFILE_DIR_PATH}/Podfile.lock\" \"${PODS_ROOT}/Manifest.lock\" > /dev/null\nif [ $? != 0 ] ; then\n    # print error to STDERR\n    echo \"error: The sandbox is not in sync with the Podfile.lock. Run 'pod install' or update your CocoaPods installation.\" >&2\n    exit 1\nfi\n# This output is used by Xcode 'outputs' to avoid re-running this script phase.\necho \"SUCCESS\" > \"${SCRIPT_OUTPUT_FILE_0}\"\n";
			showEnvVarsInLog = 0;
		};
		9388A05673CCEF3EE9FBA581 /* [CP] Copy Pods Resources */ = {
			isa = PBXShellScriptBuildPhase;
			buildActionMask = 2147483647;
			files = (
			);
			inputPaths = (
			);
			name = "[CP] Copy Pods Resources";
			outputPaths = (
			);
			runOnlyForDeploymentPostprocessing = 0;
			shellPath = /bin/sh;
			shellScript = "\"${SRCROOT}/Pods/Target Support Files/Pods-FluxCapacitorSampleTests/Pods-FluxCapacitorSampleTests-resources.sh\"\n";
			showEnvVarsInLog = 0;
		};
		A52807F1234D213AE5BAC2B3 /* [CP] Copy Pods Resources */ = {
			isa = PBXShellScriptBuildPhase;
			buildActionMask = 2147483647;
			files = (
			);
			inputPaths = (
			);
			name = "[CP] Copy Pods Resources";
			outputPaths = (
			);
			runOnlyForDeploymentPostprocessing = 0;
			shellPath = /bin/sh;
			shellScript = "\"${SRCROOT}/Pods/Target Support Files/Pods-FluxCapacitorSample/Pods-FluxCapacitorSample-resources.sh\"\n";
			showEnvVarsInLog = 0;
		};
		A8BA41E54C19CAA7CEF41259 /* [CP] Embed Pods Frameworks */ = {
			isa = PBXShellScriptBuildPhase;
			buildActionMask = 2147483647;
			files = (
			);
			inputPaths = (
				"${SRCROOT}/Pods/Target Support Files/Pods-FluxCapacitorSample/Pods-FluxCapacitorSample-frameworks.sh",
				"${BUILT_PRODUCTS_DIR}/FluxCapacitor/FluxCapacitor.framework",
			);
			name = "[CP] Embed Pods Frameworks";
			outputPaths = (
				"${TARGET_BUILD_DIR}/${FRAMEWORKS_FOLDER_PATH}/FluxCapacitor.framework",
			);
			runOnlyForDeploymentPostprocessing = 0;
			shellPath = /bin/sh;
			shellScript = "\"${SRCROOT}/Pods/Target Support Files/Pods-FluxCapacitorSample/Pods-FluxCapacitorSample-frameworks.sh\"\n";
			showEnvVarsInLog = 0;
		};
		C94488960593E4CA78D350B5 /* [CP] Embed Pods Frameworks */ = {
			isa = PBXShellScriptBuildPhase;
			buildActionMask = 2147483647;
			files = (
			);
			inputPaths = (
				"${SRCROOT}/Pods/Target Support Files/Pods-FluxCapacitorSampleTests/Pods-FluxCapacitorSampleTests-frameworks.sh",
				"${BUILT_PRODUCTS_DIR}/FluxCapacitor/FluxCapacitor.framework",
			);
			name = "[CP] Embed Pods Frameworks";
			outputPaths = (
				"${TARGET_BUILD_DIR}/${FRAMEWORKS_FOLDER_PATH}/FluxCapacitor.framework",
			);
			runOnlyForDeploymentPostprocessing = 0;
			shellPath = /bin/sh;
			shellScript = "\"${SRCROOT}/Pods/Target Support Files/Pods-FluxCapacitorSampleTests/Pods-FluxCapacitorSampleTests-frameworks.sh\"\n";
			showEnvVarsInLog = 0;
		};
/* End PBXShellScriptBuildPhase section */

/* Begin PBXSourcesBuildPhase section */
		37471E8F1F4B1FF200E61C54 /* Sources */ = {
			isa = PBXSourcesBuildPhase;
			buildActionMask = 2147483647;
			files = (
				370281461F4B3C70005D1A67 /* PageInfoMock.swift in Sources */,
				370281621F4B4A4D005D1A67 /* UserFluxFlowTestCase.swift in Sources */,
				370281421F4B3C0C005D1A67 /* ApiSessionMock.swift in Sources */,
				370281441F4B3C51005D1A67 /* UserMock.swift in Sources */,
				370281611F4B4A4D005D1A67 /* RepositoryFluxFlowTestCase.swift in Sources */,
				370281531F4B426E005D1A67 /* RepositoryMock.swift in Sources */,
				370281481F4B3C98005D1A67 /* ResponseMock.swift in Sources */,
			);
			runOnlyForDeploymentPostprocessing = 0;
		};
		37C8BA4A1F2C9DB8003AFBD7 /* Sources */ = {
			isa = PBXSourcesBuildPhase;
			buildActionMask = 2147483647;
			files = (
				37C8BAA61F30F5A4003AFBD7 /* UserStore.swift in Sources */,
				37C8BAA41F30F558003AFBD7 /* Dispatcher.User.swift in Sources */,
				37C8BA8E1F2FAAFD003AFBD7 /* SearchViewController.swift in Sources */,
				37C8BA8C1F2FAAEA003AFBD7 /* FavoriteViewController.swift in Sources */,
				3780119D20238CBF00ABE5B0 /* NSObjectProtocol.className.swift in Sources */,
				37C8BAAD1F310235003AFBD7 /* RepositoryAction.swift in Sources */,
				9DDE2F231F31719A005CC4E2 /* SearchViewDataSource.swift in Sources */,
				37C8BA881F2FAA72003AFBD7 /* AppDelegate.swift in Sources */,
				37C8BAA81F30F674003AFBD7 /* UserAction.swift in Sources */,
				37471E8E1F4B1F0900E61C54 /* ApiSessionType.swift in Sources */,
				9DDE2F1F1F316DAF005CC4E2 /* UserRepositoryViewController.swift in Sources */,
				37C8BA9C1F30F174003AFBD7 /* Dispatcher.Repository.swift in Sources */,
				9DEE5D2C1F31E49800225822 /* UIKeyboardInfo.swift in Sources */,
				EDB9D4A61F3192FC00FC6B61 /* RepositoryViewController.swift in Sources */,
				9DDE2F251F3184B2005CC4E2 /* UserRepositoryViewDataSource.swift in Sources */,
				9DEE5D2A1F31E48600225822 /* UIKeyboardWillHide.swift in Sources */,
				37C8BAAF1F31036E003AFBD7 /* RepositoryStore.swift in Sources */,
				9DEE5D2E1F31E4B000225822 /* UIKeyboardWillShow.swift in Sources */,
				37C8BAB41F31FCFF003AFBD7 /* LoadingView.swift in Sources */,
				9DDE2F271F319CBE005CC4E2 /* FavoriteViewDataSource.swift in Sources */,
			);
			runOnlyForDeploymentPostprocessing = 0;
		};
/* End PBXSourcesBuildPhase section */

/* Begin PBXTargetDependency section */
		37471E991F4B1FF200E61C54 /* PBXTargetDependency */ = {
			isa = PBXTargetDependency;
			target = 37C8BA4D1F2C9DB8003AFBD7 /* FluxCapacitorSample */;
			targetProxy = 37471E981F4B1FF200E61C54 /* PBXContainerItemProxy */;
		};
/* End PBXTargetDependency section */

/* Begin PBXVariantGroup section */
		37C8BA7C1F2FAA32003AFBD7 /* LaunchScreen.storyboard */ = {
			isa = PBXVariantGroup;
			children = (
				37C8BA7D1F2FAA32003AFBD7 /* Base */,
			);
			name = LaunchScreen.storyboard;
			sourceTree = "<group>";
		};
		37C8BA7E1F2FAA32003AFBD7 /* Main.storyboard */ = {
			isa = PBXVariantGroup;
			children = (
				37C8BA7F1F2FAA32003AFBD7 /* Base */,
			);
			name = Main.storyboard;
			path = ../../Resources;
			sourceTree = "<group>";
		};
/* End PBXVariantGroup section */

/* Begin XCBuildConfiguration section */
		37471E9B1F4B1FF200E61C54 /* Debug */ = {
			isa = XCBuildConfiguration;
			baseConfigurationReference = DDA06526A3117F64BAF521E5 /* Pods-FluxCapacitorSampleTests.debug.xcconfig */;
			buildSettings = {
				BUNDLE_LOADER = "$(TEST_HOST)";
				DEVELOPMENT_TEAM = "";
				FRAMEWORK_SEARCH_PATHS = (
					"$(inherited)",
					"$(PROJECT_DIR)/Carthage/Build/iOS",
					"\"$PODS_CONFIGURATION_BUILD_DIR/FluxCapacitor\"",
				);
				INFOPLIST_FILE = FluxCapacitorSampleTests/Info.plist;
				LD_RUNPATH_SEARCH_PATHS = "$(inherited) @executable_path/Frameworks @loader_path/Frameworks";
				PRODUCT_BUNDLE_IDENTIFIER = "jp.marty-suzuki.FluxCapacitorSampleTests";
				PRODUCT_NAME = "$(TARGET_NAME)";
				PROVISIONING_PROFILE_SPECIFIER = "";
				SWIFT_SWIFT3_OBJC_INFERENCE = On;
				SWIFT_VERSION = 4.0;
				TEST_HOST = "$(BUILT_PRODUCTS_DIR)/FluxCapacitorSample.app/FluxCapacitorSample";
			};
			name = Debug;
		};
		37471E9C1F4B1FF200E61C54 /* Release */ = {
			isa = XCBuildConfiguration;
			baseConfigurationReference = E77E6C38AE9B847E8C901B6A /* Pods-FluxCapacitorSampleTests.release.xcconfig */;
			buildSettings = {
				BUNDLE_LOADER = "$(TEST_HOST)";
				DEVELOPMENT_TEAM = "";
				FRAMEWORK_SEARCH_PATHS = (
					"$(inherited)",
					"$(PROJECT_DIR)/Carthage/Build/iOS",
					"\"$PODS_CONFIGURATION_BUILD_DIR/FluxCapacitor\"",
				);
				INFOPLIST_FILE = FluxCapacitorSampleTests/Info.plist;
				LD_RUNPATH_SEARCH_PATHS = "$(inherited) @executable_path/Frameworks @loader_path/Frameworks";
				PRODUCT_BUNDLE_IDENTIFIER = "jp.marty-suzuki.FluxCapacitorSampleTests";
				PRODUCT_NAME = "$(TARGET_NAME)";
				PROVISIONING_PROFILE_SPECIFIER = "";
				SWIFT_SWIFT3_OBJC_INFERENCE = On;
				SWIFT_VERSION = 4.0;
				TEST_HOST = "$(BUILT_PRODUCTS_DIR)/FluxCapacitorSample.app/FluxCapacitorSample";
			};
			name = Release;
		};
		37C8BA5E1F2C9DB8003AFBD7 /* Debug */ = {
			isa = XCBuildConfiguration;
			buildSettings = {
				ALWAYS_SEARCH_USER_PATHS = NO;
				CLANG_ANALYZER_NONNULL = YES;
				CLANG_ANALYZER_NUMBER_OBJECT_CONVERSION = YES_AGGRESSIVE;
				CLANG_CXX_LANGUAGE_STANDARD = "gnu++0x";
				CLANG_CXX_LIBRARY = "libc++";
				CLANG_ENABLE_MODULES = YES;
				CLANG_ENABLE_OBJC_ARC = YES;
				CLANG_WARN_BLOCK_CAPTURE_AUTORELEASING = YES;
				CLANG_WARN_BOOL_CONVERSION = YES;
				CLANG_WARN_COMMA = YES;
				CLANG_WARN_CONSTANT_CONVERSION = YES;
				CLANG_WARN_DIRECT_OBJC_ISA_USAGE = YES_ERROR;
				CLANG_WARN_DOCUMENTATION_COMMENTS = YES;
				CLANG_WARN_EMPTY_BODY = YES;
				CLANG_WARN_ENUM_CONVERSION = YES;
				CLANG_WARN_INFINITE_RECURSION = YES;
				CLANG_WARN_INT_CONVERSION = YES;
				CLANG_WARN_NON_LITERAL_NULL_CONVERSION = YES;
				CLANG_WARN_OBJC_LITERAL_CONVERSION = YES;
				CLANG_WARN_OBJC_ROOT_CLASS = YES_ERROR;
				CLANG_WARN_RANGE_LOOP_ANALYSIS = YES;
				CLANG_WARN_STRICT_PROTOTYPES = YES;
				CLANG_WARN_SUSPICIOUS_MOVE = YES;
				CLANG_WARN_UNREACHABLE_CODE = YES;
				CLANG_WARN__DUPLICATE_METHOD_MATCH = YES;
				"CODE_SIGN_IDENTITY[sdk=iphoneos*]" = "iPhone Developer";
				COPY_PHASE_STRIP = NO;
				DEBUG_INFORMATION_FORMAT = dwarf;
				ENABLE_STRICT_OBJC_MSGSEND = YES;
				ENABLE_TESTABILITY = YES;
				GCC_C_LANGUAGE_STANDARD = gnu99;
				GCC_DYNAMIC_NO_PIC = NO;
				GCC_NO_COMMON_BLOCKS = YES;
				GCC_OPTIMIZATION_LEVEL = 0;
				GCC_PREPROCESSOR_DEFINITIONS = (
					"DEBUG=1",
					"$(inherited)",
				);
				GCC_WARN_64_TO_32_BIT_CONVERSION = YES;
				GCC_WARN_ABOUT_RETURN_TYPE = YES_ERROR;
				GCC_WARN_UNDECLARED_SELECTOR = YES;
				GCC_WARN_UNINITIALIZED_AUTOS = YES_AGGRESSIVE;
				GCC_WARN_UNUSED_FUNCTION = YES;
				GCC_WARN_UNUSED_VARIABLE = YES;
				IPHONEOS_DEPLOYMENT_TARGET = 10.3;
				MTL_ENABLE_DEBUG_INFO = YES;
				ONLY_ACTIVE_ARCH = YES;
				SDKROOT = iphoneos;
				SWIFT_ACTIVE_COMPILATION_CONDITIONS = DEBUG;
				SWIFT_OPTIMIZATION_LEVEL = "-Onone";
				TARGETED_DEVICE_FAMILY = "1,2";
			};
			name = Debug;
		};
		37C8BA5F1F2C9DB8003AFBD7 /* Release */ = {
			isa = XCBuildConfiguration;
			buildSettings = {
				ALWAYS_SEARCH_USER_PATHS = NO;
				CLANG_ANALYZER_NONNULL = YES;
				CLANG_ANALYZER_NUMBER_OBJECT_CONVERSION = YES_AGGRESSIVE;
				CLANG_CXX_LANGUAGE_STANDARD = "gnu++0x";
				CLANG_CXX_LIBRARY = "libc++";
				CLANG_ENABLE_MODULES = YES;
				CLANG_ENABLE_OBJC_ARC = YES;
				CLANG_WARN_BLOCK_CAPTURE_AUTORELEASING = YES;
				CLANG_WARN_BOOL_CONVERSION = YES;
				CLANG_WARN_COMMA = YES;
				CLANG_WARN_CONSTANT_CONVERSION = YES;
				CLANG_WARN_DIRECT_OBJC_ISA_USAGE = YES_ERROR;
				CLANG_WARN_DOCUMENTATION_COMMENTS = YES;
				CLANG_WARN_EMPTY_BODY = YES;
				CLANG_WARN_ENUM_CONVERSION = YES;
				CLANG_WARN_INFINITE_RECURSION = YES;
				CLANG_WARN_INT_CONVERSION = YES;
				CLANG_WARN_NON_LITERAL_NULL_CONVERSION = YES;
				CLANG_WARN_OBJC_LITERAL_CONVERSION = YES;
				CLANG_WARN_OBJC_ROOT_CLASS = YES_ERROR;
				CLANG_WARN_RANGE_LOOP_ANALYSIS = YES;
				CLANG_WARN_STRICT_PROTOTYPES = YES;
				CLANG_WARN_SUSPICIOUS_MOVE = YES;
				CLANG_WARN_UNREACHABLE_CODE = YES;
				CLANG_WARN__DUPLICATE_METHOD_MATCH = YES;
				"CODE_SIGN_IDENTITY[sdk=iphoneos*]" = "iPhone Developer";
				COPY_PHASE_STRIP = NO;
				DEBUG_INFORMATION_FORMAT = "dwarf-with-dsym";
				ENABLE_NS_ASSERTIONS = NO;
				ENABLE_STRICT_OBJC_MSGSEND = YES;
				GCC_C_LANGUAGE_STANDARD = gnu99;
				GCC_NO_COMMON_BLOCKS = YES;
				GCC_WARN_64_TO_32_BIT_CONVERSION = YES;
				GCC_WARN_ABOUT_RETURN_TYPE = YES_ERROR;
				GCC_WARN_UNDECLARED_SELECTOR = YES;
				GCC_WARN_UNINITIALIZED_AUTOS = YES_AGGRESSIVE;
				GCC_WARN_UNUSED_FUNCTION = YES;
				GCC_WARN_UNUSED_VARIABLE = YES;
				IPHONEOS_DEPLOYMENT_TARGET = 10.3;
				MTL_ENABLE_DEBUG_INFO = NO;
				SDKROOT = iphoneos;
				SWIFT_OPTIMIZATION_LEVEL = "-Owholemodule";
				TARGETED_DEVICE_FAMILY = "1,2";
				VALIDATE_PRODUCT = YES;
			};
			name = Release;
		};
		37C8BA611F2C9DB8003AFBD7 /* Debug */ = {
			isa = XCBuildConfiguration;
			baseConfigurationReference = E177E8BAA0CE1E46CA2CA189 /* Pods-FluxCapacitorSample.debug.xcconfig */;
			buildSettings = {
				ASSETCATALOG_COMPILER_APPICON_NAME = AppIcon;
				DEVELOPMENT_TEAM = "";
				FRAMEWORK_SEARCH_PATHS = (
					"$(inherited)",
					"$(PROJECT_DIR)/Carthage/Build/iOS",
				);
				INFOPLIST_FILE = FluxCapacitorSample/Resources/Info.plist;
				IPHONEOS_DEPLOYMENT_TARGET = 9.0;
				LD_RUNPATH_SEARCH_PATHS = "$(inherited) @executable_path/Frameworks";
				PRODUCT_BUNDLE_IDENTIFIER = "jp.marty-suzuki.FluxCapacitorSample";
				PRODUCT_NAME = "$(TARGET_NAME)";
				PROVISIONING_PROFILE_SPECIFIER = "";
				SWIFT_SWIFT3_OBJC_INFERENCE = On;
				SWIFT_VERSION = 4.0;
			};
			name = Debug;
		};
		37C8BA621F2C9DB8003AFBD7 /* Release */ = {
			isa = XCBuildConfiguration;
			baseConfigurationReference = 8BA935772B827618E28B121C /* Pods-FluxCapacitorSample.release.xcconfig */;
			buildSettings = {
				ASSETCATALOG_COMPILER_APPICON_NAME = AppIcon;
				DEVELOPMENT_TEAM = "";
				FRAMEWORK_SEARCH_PATHS = (
					"$(inherited)",
					"$(PROJECT_DIR)/Carthage/Build/iOS",
				);
				INFOPLIST_FILE = FluxCapacitorSample/Resources/Info.plist;
				IPHONEOS_DEPLOYMENT_TARGET = 9.0;
				LD_RUNPATH_SEARCH_PATHS = "$(inherited) @executable_path/Frameworks";
				PRODUCT_BUNDLE_IDENTIFIER = "jp.marty-suzuki.FluxCapacitorSample";
				PRODUCT_NAME = "$(TARGET_NAME)";
				PROVISIONING_PROFILE_SPECIFIER = "";
				SWIFT_SWIFT3_OBJC_INFERENCE = On;
				SWIFT_VERSION = 4.0;
			};
			name = Release;
		};
/* End XCBuildConfiguration section */

/* Begin XCConfigurationList section */
		37471E9A1F4B1FF200E61C54 /* Build configuration list for PBXNativeTarget "FluxCapacitorSampleTests" */ = {
			isa = XCConfigurationList;
			buildConfigurations = (
				37471E9B1F4B1FF200E61C54 /* Debug */,
				37471E9C1F4B1FF200E61C54 /* Release */,
			);
			defaultConfigurationIsVisible = 0;
			defaultConfigurationName = Release;
		};
		37C8BA491F2C9DB8003AFBD7 /* Build configuration list for PBXProject "FluxCapacitorSample" */ = {
			isa = XCConfigurationList;
			buildConfigurations = (
				37C8BA5E1F2C9DB8003AFBD7 /* Debug */,
				37C8BA5F1F2C9DB8003AFBD7 /* Release */,
			);
			defaultConfigurationIsVisible = 0;
			defaultConfigurationName = Release;
		};
		37C8BA601F2C9DB8003AFBD7 /* Build configuration list for PBXNativeTarget "FluxCapacitorSample" */ = {
			isa = XCConfigurationList;
			buildConfigurations = (
				37C8BA611F2C9DB8003AFBD7 /* Debug */,
				37C8BA621F2C9DB8003AFBD7 /* Release */,
			);
			defaultConfigurationIsVisible = 0;
			defaultConfigurationName = Release;
		};
/* End XCConfigurationList section */
	};
	rootObject = 37C8BA461F2C9DB8003AFBD7 /* Project object */;
}
